// !$*UTF8*$!
{
	archiveVersion = 1;
	classes = {
	};
	objectVersion = 50;
	objects = {

/* Begin PBXBuildFile section */
		AA1FC9F9248F5A7E00410B4C /* AppDelegate.swift in Sources */ = {isa = PBXBuildFile; fileRef = AA1FC9F8248F5A7E00410B4C /* AppDelegate.swift */; };
		AA1FC9FB248F5A7E00410B4C /* SceneDelegate.swift in Sources */ = {isa = PBXBuildFile; fileRef = AA1FC9FA248F5A7E00410B4C /* SceneDelegate.swift */; };
		AA1FC9FD248F5A7E00410B4C /* ViewController.swift in Sources */ = {isa = PBXBuildFile; fileRef = AA1FC9FC248F5A7E00410B4C /* ViewController.swift */; };
		AA1FCA00248F5A7E00410B4C /* Main.storyboard in Resources */ = {isa = PBXBuildFile; fileRef = AA1FC9FE248F5A7E00410B4C /* Main.storyboard */; };
		AA1FCA02248F5A8000410B4C /* Assets.xcassets in Resources */ = {isa = PBXBuildFile; fileRef = AA1FCA01248F5A8000410B4C /* Assets.xcassets */; };
		AA1FCA05248F5A8000410B4C /* LaunchScreen.storyboard in Resources */ = {isa = PBXBuildFile; fileRef = AA1FCA03248F5A8000410B4C /* LaunchScreen.storyboard */; };
		AA1FCA0D248F5B5000410B4C /* ImageSliderCollectionView.swift in Sources */ = {isa = PBXBuildFile; fileRef = AA1FCA0C248F5B5000410B4C /* ImageSliderCollectionView.swift */; };
		AA1FCA0F248F5F0600410B4C /* ImageCollectionViewCell.swift in Sources */ = {isa = PBXBuildFile; fileRef = AA1FCA0E248F5F0600410B4C /* ImageCollectionViewCell.swift */; };
/* End PBXBuildFile section */

/* Begin PBXFileReference section */
		AA1FC9F5248F5A7E00410B4C /* ImageSlider.app */ = {isa = PBXFileReference; explicitFileType = wrapper.application; includeInIndex = 0; path = ImageSlider.app; sourceTree = BUILT_PRODUCTS_DIR; };
		AA1FC9F8248F5A7E00410B4C /* AppDelegate.swift */ = {isa = PBXFileReference; lastKnownFileType = sourcecode.swift; path = AppDelegate.swift; sourceTree = "<group>"; };
		AA1FC9FA248F5A7E00410B4C /* SceneDelegate.swift */ = {isa = PBXFileReference; lastKnownFileType = sourcecode.swift; path = SceneDelegate.swift; sourceTree = "<group>"; };
		AA1FC9FC248F5A7E00410B4C /* ViewController.swift */ = {isa = PBXFileReference; lastKnownFileType = sourcecode.swift; path = ViewController.swift; sourceTree = "<group>"; };
		AA1FC9FF248F5A7E00410B4C /* Base */ = {isa = PBXFileReference; lastKnownFileType = file.storyboard; name = Base; path = Base.lproj/Main.storyboard; sourceTree = "<group>"; };
		AA1FCA01248F5A8000410B4C /* Assets.xcassets */ = {isa = PBXFileReference; lastKnownFileType = folder.assetcatalog; path = Assets.xcassets; sourceTree = "<group>"; };
		AA1FCA04248F5A8000410B4C /* Base */ = {isa = PBXFileReference; lastKnownFileType = file.storyboard; name = Base; path = Base.lproj/LaunchScreen.storyboard; sourceTree = "<group>"; };
		AA1FCA06248F5A8000410B4C /* Info.plist */ = {isa = PBXFileReference; lastKnownFileType = text.plist.xml; path = Info.plist; sourceTree = "<group>"; };
		AA1FCA0C248F5B5000410B4C /* ImageSliderCollectionView.swift */ = {isa = PBXFileReference; lastKnownFileType = sourcecode.swift; path = ImageSliderCollectionView.swift; sourceTree = "<group>"; };
		AA1FCA0E248F5F0600410B4C /* ImageCollectionViewCell.swift */ = {isa = PBXFileReference; lastKnownFileType = sourcecode.swift; path = ImageCollectionViewCell.swift; sourceTree = "<group>"; };
/* End PBXFileReference section */

/* Begin PBXFrameworksBuildPhase section */
		AA1FC9F2248F5A7E00410B4C /* Frameworks */ = {
			isa = PBXFrameworksBuildPhase;
			buildActionMask = 2147483647;
			files = (
			);
			runOnlyForDeploymentPostprocessing = 0;
		};
/* End PBXFrameworksBuildPhase section */

/* Begin PBXGroup section */
		AA1FC9EC248F5A7E00410B4C = {
			isa = PBXGroup;
			children = (
				AA1FC9F7248F5A7E00410B4C /* ImageSlider */,
				AA1FC9F6248F5A7E00410B4C /* Products */,
			);
			sourceTree = "<group>";
		};
		AA1FC9F6248F5A7E00410B4C /* Products */ = {
			isa = PBXGroup;
			children = (
				AA1FC9F5248F5A7E00410B4C /* ImageSlider.app */,
			);
			name = Products;
			sourceTree = "<group>";
		};
		AA1FC9F7248F5A7E00410B4C /* ImageSlider */ = {
			isa = PBXGroup;
			children = (
				AA1FC9F8248F5A7E00410B4C /* AppDelegate.swift */,
				AA1FC9FA248F5A7E00410B4C /* SceneDelegate.swift */,
				AA1FC9FC248F5A7E00410B4C /* ViewController.swift */,
				AA1FC9FE248F5A7E00410B4C /* Main.storyboard */,
				AA1FCA01248F5A8000410B4C /* Assets.xcassets */,
				AA1FCA03248F5A8000410B4C /* LaunchScreen.storyboard */,
				AA1FCA06248F5A8000410B4C /* Info.plist */,
				AA1FCA0C248F5B5000410B4C /* ImageSliderCollectionView.swift */,
				AA1FCA0E248F5F0600410B4C /* ImageCollectionViewCell.swift */,
			);
			path = ImageSlider;
			sourceTree = "<group>";
		};
/* End PBXGroup section */

/* Begin PBXNativeTarget section */
		AA1FC9F4248F5A7E00410B4C /* ImageSlider */ = {
			isa = PBXNativeTarget;
			buildConfigurationList = AA1FCA09248F5A8000410B4C /* Build configuration list for PBXNativeTarget "ImageSlider" */;
			buildPhases = (
				AA1FC9F1248F5A7E00410B4C /* Sources */,
				AA1FC9F2248F5A7E00410B4C /* Frameworks */,
				AA1FC9F3248F5A7E00410B4C /* Resources */,
			);
			buildRules = (
			);
			dependencies = (
			);
			name = ImageSlider;
			productName = ImageSlider;
			productReference = AA1FC9F5248F5A7E00410B4C /* ImageSlider.app */;
			productType = "com.apple.product-type.application";
		};
/* End PBXNativeTarget section */

/* Begin PBXProject section */
		AA1FC9ED248F5A7E00410B4C /* Project object */ = {
			isa = PBXProject;
			attributes = {
				LastSwiftUpdateCheck = 1130;
				LastUpgradeCheck = 1130;
				ORGANIZATIONNAME = Ramcharan;
				TargetAttributes = {
					AA1FC9F4248F5A7E00410B4C = {
						CreatedOnToolsVersion = 11.3.1;
					};
				};
			};
			buildConfigurationList = AA1FC9F0248F5A7E00410B4C /* Build configuration list for PBXProject "ImageSlider" */;
			compatibilityVersion = "Xcode 9.3";
			developmentRegion = en;
			hasScannedForEncodings = 0;
			knownRegions = (
				en,
				Base,
			);
			mainGroup = AA1FC9EC248F5A7E00410B4C;
			productRefGroup = AA1FC9F6248F5A7E00410B4C /* Products */;
			projectDirPath = "";
			projectRoot = "";
			targets = (
				AA1FC9F4248F5A7E00410B4C /* ImageSlider */,
			);
		};
/* End PBXProject section */

/* Begin PBXResourcesBuildPhase section */
		AA1FC9F3248F5A7E00410B4C /* Resources */ = {
			isa = PBXResourcesBuildPhase;
			buildActionMask = 2147483647;
			files = (
				AA1FCA05248F5A8000410B4C /* LaunchScreen.storyboard in Resources */,
				AA1FCA02248F5A8000410B4C /* Assets.xcassets in Resources */,
				AA1FCA00248F5A7E00410B4C /* Main.storyboard in Resources */,
			);
			runOnlyForDeploymentPostprocessing = 0;
		};
/* End PBXResourcesBuildPhase section */

/* Begin PBXSourcesBuildPhase section */
		AA1FC9F1248F5A7E00410B4C /* Sources */ = {
			isa = PBXSourcesBuildPhase;
			buildActionMask = 2147483647;
			files = (
				AA1FC9FD248F5A7E00410B4C /* ViewController.swift in Sources */,
				AA1FCA0F248F5F0600410B4C /* ImageCollectionViewCell.swift in Sources */,
				AA1FC9F9248F5A7E00410B4C /* AppDelegate.swift in Sources */,
				AA1FC9FB248F5A7E00410B4C /* SceneDelegate.swift in Sources */,
				AA1FCA0D248F5B5000410B4C /* ImageSliderCollectionView.swift in Sources */,
			);
			runOnlyForDeploymentPostprocessing = 0;
		};
/* End PBXSourcesBuildPhase section */

/* Begin PBXVariantGroup section */
		AA1FC9FE248F5A7E00410B4C /* Main.storyboard */ = {
			isa = PBXVariantGroup;
			children = (
				AA1FC9FF248F5A7E00410B4C /* Base */,
			);
			name = Main.storyboard;
			sourceTree = "<group>";
		};
		AA1FCA03248F5A8000410B4C /* LaunchScreen.storyboard */ = {
			isa = PBXVariantGroup;
			children = (
				AA1FCA04248F5A8000410B4C /* Base */,
			);
			name = LaunchScreen.storyboard;
			sourceTree = "<group>";
		};
/* End PBXVariantGroup section */

/* Begin XCBuildConfiguration section */
		AA1FCA07248F5A8000410B4C /* Debug */ = {
			isa = XCBuildConfiguration;
			buildSettings = {
				ALWAYS_SEARCH_USER_PATHS = NO;
				CLANG_ANALYZER_NONNULL = YES;
				CLANG_ANALYZER_NUMBER_OBJECT_CONVERSION = YES_AGGRESSIVE;
				CLANG_CXX_LANGUAGE_STANDARD = "gnu++14";
				CLANG_CXX_LIBRARY = "libc++";
				CLANG_ENABLE_MODULES = YES;
				CLANG_ENABLE_OBJC_ARC = YES;
				CLANG_ENABLE_OBJC_WEAK = YES;
				CLANG_WARN_BLOCK_CAPTURE_AUTORELEASING = YES;
				CLANG_WARN_BOOL_CONVERSION = YES;
				CLANG_WARN_COMMA = YES;
				CLANG_WARN_CONSTANT_CONVERSION = YES;
				CLANG_WARN_DEPRECATED_OBJC_IMPLEMENTATIONS = YES;
				CLANG_WARN_DIRECT_OBJC_ISA_USAGE = YES_ERROR;
				CLANG_WARN_DOCUMENTATION_COMMENTS = YES;
				CLANG_WARN_EMPTY_BODY = YES;
				CLANG_WARN_ENUM_CONVERSION = YES;
				CLANG_WARN_INFINITE_RECURSION = YES;
				CLANG_WARN_INT_CONVERSION = YES;
				CLANG_WARN_NON_LITERAL_NULL_CONVERSION = YES;
				CLANG_WARN_OBJC_IMPLICIT_RETAIN_SELF = YES;
				CLANG_WARN_OBJC_LITERAL_CONVERSION = YES;
				CLANG_WARN_OBJC_ROOT_CLASS = YES_ERROR;
				CLANG_WARN_RANGE_LOOP_ANALYSIS = YES;
				CLANG_WARN_STRICT_PROTOTYPES = YES;
				CLANG_WARN_SUSPICIOUS_MOVE = YES;
				CLANG_WARN_UNGUARDED_AVAILABILITY = YES_AGGRESSIVE;
				CLANG_WARN_UNREACHABLE_CODE = YES;
				CLANG_WARN__DUPLICATE_METHOD_MATCH = YES;
				COPY_PHASE_STRIP = NO;
				DEBUG_INFORMATION_FORMAT = dwarf;
				ENABLE_STRICT_OBJC_MSGSEND = YES;
				ENABLE_TESTABILITY = YES;
				GCC_C_LANGUAGE_STANDARD = gnu11;
				GCC_DYNAMIC_NO_PIC = NO;
				GCC_NO_COMMON_BLOCKS = YES;
				GCC_OPTIMIZATION_LEVEL = 0;
				GCC_PREPROCESSOR_DEFINITIONS = (
					"DEBUG=1",
					"$(inherited)",
				);
				GCC_WARN_64_TO_32_BIT_CONVERSION = YES;
				GCC_WARN_ABOUT_RETURN_TYPE = YES_ERROR;
				GCC_WARN_UNDECLARED_SELECTOR = YES;
				GCC_WARN_UNINITIALIZED_AUTOS = YES_AGGRESSIVE;
				GCC_WARN_UNUSED_FUNCTION = YES;
				GCC_WARN_UNUSED_VARIABLE = YES;
				IPHONEOS_DEPLOYMENT_TARGET = 13.2;
				MTL_ENABLE_DEBUG_INFO = INCLUDE_SOURCE;
				MTL_FAST_MATH = YES;
				ONLY_ACTIVE_ARCH = YES;
				SDKROOT = iphoneos;
				SWIFT_ACTIVE_COMPILATION_CONDITIONS = DEBUG;
				SWIFT_OPTIMIZATION_LEVEL = "-Onone";
			};
			name = Debug;
		};
		AA1FCA08248F5A8000410B4C /* Release */ = {
			isa = XCBuildConfiguration;
			buildSettings = {
				ALWAYS_SEARCH_USER_PATHS = NO;
				CLANG_ANALYZER_NONNULL = YES;
				CLANG_ANALYZER_NUMBER_OBJECT_CONVERSION = YES_AGGRESSIVE;
				CLANG_CXX_LANGUAGE_STANDARD = "gnu++14";
				CLANG_CXX_LIBRARY = "libc++";
				CLANG_ENABLE_MODULES = YES;
				CLANG_ENABLE_OBJC_ARC = YES;
				CLANG_ENABLE_OBJC_WEAK = YES;
				CLANG_WARN_BLOCK_CAPTURE_AUTORELEASING = YES;
				CLANG_WARN_BOOL_CONVERSION = YES;
				CLANG_WARN_COMMA = YES;
				CLANG_WARN_CONSTANT_CONVERSION = YES;
				CLANG_WARN_DEPRECATED_OBJC_IMPLEMENTATIONS = YES;
				CLANG_WARN_DIRECT_OBJC_ISA_USAGE = YES_ERROR;
				CLANG_WARN_DOCUMENTATION_COMMENTS = YES;
				CLANG_WARN_EMPTY_BODY = YES;
				CLANG_WARN_ENUM_CONVERSION = YES;
				CLANG_WARN_INFINITE_RECURSION = YES;
				CLANG_WARN_INT_CONVERSION = YES;
				CLANG_WARN_NON_LITERAL_NULL_CONVERSION = YES;
				CLANG_WARN_OBJC_IMPLICIT_RETAIN_SELF = YES;
				CLANG_WARN_OBJC_LITERAL_CONVERSION = YES;
				CLANG_WARN_OBJC_ROOT_CLASS = YES_ERROR;
				CLANG_WARN_RANGE_LOOP_ANALYSIS = YES;
				CLANG_WARN_STRICT_PROTOTYPES = YES;
				CLANG_WARN_SUSPICIOUS_MOVE = YES;
				CLANG_WARN_UNGUARDED_AVAILABILITY = YES_AGGRESSIVE;
				CLANG_WARN_UNREACHABLE_CODE = YES;
				CLANG_WARN__DUPLICATE_METHOD_MATCH = YES;
				COPY_PHASE_STRIP = NO;
				DEBUG_INFORMATION_FORMAT = "dwarf-with-dsym";
				ENABLE_NS_ASSERTIONS = NO;
				ENABLE_STRICT_OBJC_MSGSEND = YES;
				GCC_C_LANGUAGE_STANDARD = gnu11;
				GCC_NO_COMMON_BLOCKS = YES;
				GCC_WARN_64_TO_32_BIT_CONVERSION = YES;
				GCC_WARN_ABOUT_RETURN_TYPE = YES_ERROR;
				GCC_WARN_UNDECLARED_SELECTOR = YES;
				GCC_WARN_UNINITIALIZED_AUTOS = YES_AGGRESSIVE;
				GCC_WARN_UNUSED_FUNCTION = YES;
				GCC_WARN_UNUSED_VARIABLE = YES;
				IPHONEOS_DEPLOYMENT_TARGET = 13.2;
				MTL_ENABLE_DEBUG_INFO = NO;
				MTL_FAST_MATH = YES;
				SDKROOT = iphoneos;
				SWIFT_COMPILATION_MODE = wholemodule;
				SWIFT_OPTIMIZATION_LEVEL = "-O";
				VALIDATE_PRODUCT = YES;
			};
			name = Release;
		};
		AA1FCA0A248F5A8000410B4C /* Debug */ = {
			isa = XCBuildConfiguration;
			buildSettings = {
				ASSETCATALOG_COMPILER_APPICON_NAME = AppIcon;
				CODE_SIGN_STYLE = Automatic;
				DEVELOPMENT_TEAM = 35JXTNEBCE;
				INFOPLIST_FILE = ImageSlider/Info.plist;
				LD_RUNPATH_SEARCH_PATHS = (
					"$(inherited)",
					"@executable_path/Frameworks",
				);
				PRODUCT_BUNDLE_IDENTIFIER = com.rc.ImageSlider;
				PRODUCT_NAME = "$(TARGET_NAME)";
				SWIFT_VERSION = 5.0;
				TARGETED_DEVICE_FAMILY = "1,2";
			};
			name = Debug;
		};
		AA1FCA0B248F5A8000410B4C /* Release */ = {
			isa = XCBuildConfiguration;
			buildSettings = {
				ASSETCATALOG_COMPILER_APPICON_NAME = AppIcon;
				CODE_SIGN_STYLE = Automatic;
				DEVELOPMENT_TEAM = 35JXTNEBCE;
				INFOPLIST_FILE = ImageSlider/Info.plist;
				LD_RUNPATH_SEARCH_PATHS = (
					"$(inherited)",
					"@executable_path/Frameworks",
				);
				PRODUCT_BUNDLE_IDENTIFIER = com.rc.ImageSlider;
				PRODUCT_NAME = "$(TARGET_NAME)";
				SWIFT_VERSION = 5.0;
				TARGETED_DEVICE_FAMILY = "1,2";
			};
			name = Release;
		};
/* End XCBuildConfiguration section */

/* Begin XCConfigurationList section */
		AA1FC9F0248F5A7E00410B4C /* Build configuration list for PBXProject "ImageSlider" */ = {
			isa = XCConfigurationList;
			buildConfigurations = (
				AA1FCA07248F5A8000410B4C /* Debug */,
				AA1FCA08248F5A8000410B4C /* Release */,
			);
			defaultConfigurationIsVisible = 0;
			defaultConfigurationName = Release;
		};
		AA1FCA09248F5A8000410B4C /* Build configuration list for PBXNativeTarget "ImageSlider" */ = {
			isa = XCConfigurationList;
			buildConfigurations = (
				AA1FCA0A248F5A8000410B4C /* Debug */,
				AA1FCA0B248F5A8000410B4C /* Release */,
			);
			defaultConfigurationIsVisible = 0;
			defaultConfigurationName = Release;
		};
/* End XCConfigurationList section */
	};
	rootObject = AA1FC9ED248F5A7E00410B4C /* Project object */;
}
